
Microsoft Visual Studio Solution File, Format Version 12.00
# Visual Studio 15
VisualStudioVersion = 15.0.27703.2018
MinimumVisualStudioVersion = 10.0.40219.1
Project("{9A19103F-16F7-4668-BE54-9A1E7A4F7556}") = "InMemoryEntityFrameWorkWebApi", "InMemoryEntityFrameWorkWebApi\InMemoryEntityFrameWorkWebApi.csproj", "{AE093042-D694-4F26-94E8-20A8D651681B}"
EndProject
Project("{9A19103F-16F7-4668-BE54-9A1E7A4F7556}") = "Model", "Model\Model.csproj", "{C7256DDF-354F-479F-A66B-265059C659DC}"
EndProject
Global
	GlobalSection(SolutionConfigurationPlatforms) = preSolution
		Debug|Any CPU = Debug|Any CPU
		Release|Any CPU = Release|Any CPU
	EndGlobalSection
	GlobalSection(ProjectConfigurationPlatforms) = postSolution
		{AE093042-D694-4F26-94E8-20A8D651681B}.Debug|Any CPU.ActiveCfg = Debug|Any CPU
		{AE093042-D694-4F26-94E8-20A8D651681B}.Debug|Any CPU.Build.0 = Debug|Any CPU
		{AE093042-D694-4F26-94E8-20A8D651681B}.Release|Any CPU.ActiveCfg = Release|Any CPU
		{AE093042-D694-4F26-94E8-20A8D651681B}.Release|Any CPU.Build.0 = Release|Any CPU
		{C7256DDF-354F-479F-A66B-265059C659DC}.Debug|Any CPU.ActiveCfg = Debug|Any CPU
		{C7256DDF-354F-479F-A66B-265059C659DC}.Debug|Any CPU.Build.0 = Debug|Any CPU
		{C7256DDF-354F-479F-A66B-265059C659DC}.Release|Any CPU.ActiveCfg = Release|Any CPU
		{C7256DDF-354F-479F-A66B-265059C659DC}.Release|Any CPU.Build.0 = Release|Any CPU
	EndGlobalSection
	GlobalSection(SolutionProperties) = preSolution
		HideSolutionNode = FALSE
	EndGlobalSection
	GlobalSection(ExtensibilityGlobals) = postSolution
		SolutionGuid = {06E8BE72-0A5D-4CC2-ADF7-7B03E49642A2}
	EndGlobalSection
EndGlobal
